PODS:
  - Alamofire (5.4.1)
  - FeeRateKit.swift (0.8.0):
    - HsToolKit.swift (~> 1)
    - RxSwift (~> 5.0)
  - HsToolKit.swift (1.1.0):
    - Alamofire (~> 5.0)
    - ObjectMapper (~> 3.0)
    - RxSwift (~> 5.0)
  - ObjectMapper (3.5.3)
  - RxSwift (5.1.1)

DEPENDENCIES:
  - FeeRateKit.swift (from `../`)
  - HsToolKit.swift (from `https://github.com/horizontalsystems/hs-tool-kit-ios`)

SPEC REPOS:
  trunk:
    - Alamofire
    - ObjectMapper
    - RxSwift

EXTERNAL SOURCES:
  FeeRateKit.swift:
    :path: "../"
  HsToolKit.swift:
    :git: https://github.com/horizontalsystems/hs-tool-kit-ios

CHECKOUT OPTIONS:
  HsToolKit.swift:
    :commit: 2f088bff0c737fb1c74e007ce85a9f1ea685cfc7
    :git: https://github.com/horizontalsystems/hs-tool-kit-ios

SPEC CHECKSUMS:
  Alamofire: 2291f7d21ca607c491dd17642e5d40fdcda0e65c
  FeeRateKit.swift: 12713618d623d057382b964d2d16d220b1db8df5
  HsToolKit.swift: d47ef3e8c507a6e980f2f6d819c5b0cf05845910
  ObjectMapper: 97111c97e054a6ee25917662106689f0b4127b37
  RxSwift: 81470a2074fa8780320ea5fe4102807cb7118178

PODFILE CHECKSUM: 154b3577f0c73380252827df138dac841729db89

COCOAPODS: 1.10.1
